
Microsoft Visual Studio Solution File, Format Version 12.00
# Visual Studio Version 17
VisualStudioVersion = 17.14.36414.22 d17.14
MinimumVisualStudioVersion = 10.0.40219.1
Project("{FAE04EC0-301F-11D3-BF4B-00C04F79EFBC}") = "trabalhoaula", "trabalhoaula\trabalhoaula.csproj", "{51141A91-57D7-42CF-A450-776BB6BD1669}"
EndProject
Global
	GlobalSection(SolutionConfigurationPlatforms) = preSolution
		Debug|Any CPU = Debug|Any CPU
		Release|Any CPU = Release|Any CPU
	EndGlobalSection
	GlobalSection(ProjectConfigurationPlatforms) = postSolution
		{51141A91-57D7-42CF-A450-776BB6BD1669}.Debug|Any CPU.ActiveCfg = Debug|Any CPU
		{51141A91-57D7-42CF-A450-776BB6BD1669}.Debug|Any CPU.Build.0 = Debug|Any CPU
		{51141A91-57D7-42CF-A450-776BB6BD1669}.Release|Any CPU.ActiveCfg = Release|Any CPU
		{51141A91-57D7-42CF-A450-776BB6BD1669}.Release|Any CPU.Build.0 = Release|Any CPU
	EndGlobalSection
	GlobalSection(SolutionProperties) = preSolution
		HideSolutionNode = FALSE
	EndGlobalSection
	GlobalSection(ExtensibilityGlobals) = postSolution
		SolutionGuid = {9DEB0CCC-2D5B-4DDA-A5AD-9204FADA5828}
	EndGlobalSection
EndGlobal
